
Microsoft Visual Studio Solution File, Format Version 12.00
# Visual Studio Version 17
VisualStudioVersion = 17.13.35931.197 d17.13
MinimumVisualStudioVersion = 10.0.40219.1
Project("{FAE04EC0-301F-11D3-BF4B-00C04F79EFBC}") = "CoinFlip", "CoinFlip.csproj", "{83F506B4-6F7F-4DAE-9A70-38CC11CA2BB5}"
EndProject
Global
	GlobalSection(SolutionConfigurationPlatforms) = preSolution
		Debug|Any CPU = Debug|Any CPU
		Release|Any CPU = Release|Any CPU
	EndGlobalSection
	GlobalSection(ProjectConfigurationPlatforms) = postSolution
		{83F506B4-6F7F-4DAE-9A70-38CC11CA2BB5}.Debug|Any CPU.ActiveCfg = Debug|Any CPU
		{83F506B4-6F7F-4DAE-9A70-38CC11CA2BB5}.Debug|Any CPU.Build.0 = Debug|Any CPU
		{83F506B4-6F7F-4DAE-9A70-38CC11CA2BB5}.Release|Any CPU.ActiveCfg = Release|Any CPU
		{83F506B4-6F7F-4DAE-9A70-38CC11CA2BB5}.Release|Any CPU.Build.0 = Release|Any CPU
	EndGlobalSection
	GlobalSection(SolutionProperties) = preSolution
		HideSolutionNode = FALSE
	EndGlobalSection
	GlobalSection(ExtensibilityGlobals) = postSolution
		SolutionGuid = {AF34F0BD-911E-413A-8ABC-EF59596999A9}
	EndGlobalSection
EndGlobal
